// !$*UTF8*$!
{
	archiveVersion = 1;
	classes = {
	};
	objectVersion = 46;
	objects = {

/* Begin PBXBuildFile section */
		0ED64DFF198DE3C4001D7680 /* AppDelegate.swift in Sources */ = {isa = PBXBuildFile; fileRef = 0ED64DFE198DE3C4001D7680 /* AppDelegate.swift */; };
		0ED64E01198DE3C4001D7680 /* ViewController.swift in Sources */ = {isa = PBXBuildFile; fileRef = 0ED64E00198DE3C4001D7680 /* ViewController.swift */; };
		0ED64E04198DE3C4001D7680 /* Main.storyboard in Resources */ = {isa = PBXBuildFile; fileRef = 0ED64E02198DE3C4001D7680 /* Main.storyboard */; };
		0ED64E06198DE3C4001D7680 /* Images.xcassets in Resources */ = {isa = PBXBuildFile; fileRef = 0ED64E05198DE3C4001D7680 /* Images.xcassets */; };
		0ED64E12198DE3C4001D7680 /* InternBookmarkTests.swift in Sources */ = {isa = PBXBuildFile; fileRef = 0ED64E11198DE3C4001D7680 /* InternBookmarkTests.swift */; };
/* End PBXBuildFile section */

/* Begin PBXContainerItemProxy section */
		0ED64E0C198DE3C4001D7680 /* PBXContainerItemProxy */ = {
			isa = PBXContainerItemProxy;
			containerPortal = 0ED64DF1198DE3C4001D7680 /* Project object */;
			proxyType = 1;
			remoteGlobalIDString = 0ED64DF8198DE3C4001D7680;
			remoteInfo = InternBookmark;
		};
/* End PBXContainerItemProxy section */

/* Begin PBXFileReference section */
		0ED64DF9198DE3C4001D7680 /* InternBookmark.app */ = {isa = PBXFileReference; explicitFileType = wrapper.application; includeInIndex = 0; path = InternBookmark.app; sourceTree = BUILT_PRODUCTS_DIR; };
		0ED64DFD198DE3C4001D7680 /* Info.plist */ = {isa = PBXFileReference; lastKnownFileType = text.plist.xml; path = Info.plist; sourceTree = "<group>"; };
		0ED64DFE198DE3C4001D7680 /* AppDelegate.swift */ = {isa = PBXFileReference; lastKnownFileType = sourcecode.swift; path = AppDelegate.swift; sourceTree = "<group>"; };
		0ED64E00198DE3C4001D7680 /* ViewController.swift */ = {isa = PBXFileReference; lastKnownFileType = sourcecode.swift; path = ViewController.swift; sourceTree = "<group>"; };
		0ED64E03198DE3C4001D7680 /* Base */ = {isa = PBXFileReference; lastKnownFileType = file.storyboard; name = Base; path = Base.lproj/Main.storyboard; sourceTree = "<group>"; };
		0ED64E05198DE3C4001D7680 /* Images.xcassets */ = {isa = PBXFileReference; lastKnownFileType = folder.assetcatalog; path = Images.xcassets; sourceTree = "<group>"; };
		0ED64E0B198DE3C4001D7680 /* InternBookmarkTests.xctest */ = {isa = PBXFileReference; explicitFileType = wrapper.cfbundle; includeInIndex = 0; path = InternBookmarkTests.xctest; sourceTree = BUILT_PRODUCTS_DIR; };
		0ED64E10198DE3C4001D7680 /* Info.plist */ = {isa = PBXFileReference; lastKnownFileType = text.plist.xml; path = Info.plist; sourceTree = "<group>"; };
		0ED64E11198DE3C4001D7680 /* InternBookmarkTests.swift */ = {isa = PBXFileReference; lastKnownFileType = sourcecode.swift; path = InternBookmarkTests.swift; sourceTree = "<group>"; };
/* End PBXFileReference section */

/* Begin PBXFrameworksBuildPhase section */
		0ED64DF6198DE3C4001D7680 /* Frameworks */ = {
			isa = PBXFrameworksBuildPhase;
			buildActionMask = 2147483647;
			files = (
			);
			runOnlyForDeploymentPostprocessing = 0;
		};
		0ED64E08198DE3C4001D7680 /* Frameworks */ = {
			isa = PBXFrameworksBuildPhase;
			buildActionMask = 2147483647;
			files = (
			);
			runOnlyForDeploymentPostprocessing = 0;
		};
/* End PBXFrameworksBuildPhase section */

/* Begin PBXGroup section */
		0ED64DF0198DE3C4001D7680 = {
			isa = PBXGroup;
			children = (
				0ED64DFB198DE3C4001D7680 /* InternBookmark */,
				0ED64E0E198DE3C4001D7680 /* InternBookmarkTests */,
				0ED64DFA198DE3C4001D7680 /* Products */,
			);
			sourceTree = "<group>";
		};
		0ED64DFA198DE3C4001D7680 /* Products */ = {
			isa = PBXGroup;
			children = (
				0ED64DF9198DE3C4001D7680 /* InternBookmark.app */,
				0ED64E0B198DE3C4001D7680 /* InternBookmarkTests.xctest */,
			);
			name = Products;
			sourceTree = "<group>";
		};
		0ED64DFB198DE3C4001D7680 /* InternBookmark */ = {
			isa = PBXGroup;
			children = (
				0ED64DFE198DE3C4001D7680 /* AppDelegate.swift */,
				0ED64E00198DE3C4001D7680 /* ViewController.swift */,
				0ED64E02198DE3C4001D7680 /* Main.storyboard */,
				0ED64E05198DE3C4001D7680 /* Images.xcassets */,
				0ED64DFC198DE3C4001D7680 /* Supporting Files */,
			);
			path = InternBookmark;
			sourceTree = "<group>";
		};
		0ED64DFC198DE3C4001D7680 /* Supporting Files */ = {
			isa = PBXGroup;
			children = (
				0ED64DFD198DE3C4001D7680 /* Info.plist */,
			);
			name = "Supporting Files";
			sourceTree = "<group>";
		};
		0ED64E0E198DE3C4001D7680 /* InternBookmarkTests */ = {
			isa = PBXGroup;
			children = (
				0ED64E11198DE3C4001D7680 /* InternBookmarkTests.swift */,
				0ED64E0F198DE3C4001D7680 /* Supporting Files */,
			);
			path = InternBookmarkTests;
			sourceTree = "<group>";
		};
		0ED64E0F198DE3C4001D7680 /* Supporting Files */ = {
			isa = PBXGroup;
			children = (
				0ED64E10198DE3C4001D7680 /* Info.plist */,
			);
			name = "Supporting Files";
			sourceTree = "<group>";
		};
/* End PBXGroup section */

/* Begin PBXNativeTarget section */
		0ED64DF8198DE3C4001D7680 /* InternBookmark */ = {
			isa = PBXNativeTarget;
			buildConfigurationList = 0ED64E15198DE3C4001D7680 /* Build configuration list for PBXNativeTarget "InternBookmark" */;
			buildPhases = (
				0ED64DF5198DE3C4001D7680 /* Sources */,
				0ED64DF6198DE3C4001D7680 /* Frameworks */,
				0ED64DF7198DE3C4001D7680 /* Resources */,
			);
			buildRules = (
			);
			dependencies = (
			);
			name = InternBookmark;
			productName = InternBookmark;
			productReference = 0ED64DF9198DE3C4001D7680 /* InternBookmark.app */;
			productType = "com.apple.product-type.application";
		};
		0ED64E0A198DE3C4001D7680 /* InternBookmarkTests */ = {
			isa = PBXNativeTarget;
			buildConfigurationList = 0ED64E18198DE3C4001D7680 /* Build configuration list for PBXNativeTarget "InternBookmarkTests" */;
			buildPhases = (
				0ED64E07198DE3C4001D7680 /* Sources */,
				0ED64E08198DE3C4001D7680 /* Frameworks */,
				0ED64E09198DE3C4001D7680 /* Resources */,
			);
			buildRules = (
			);
			dependencies = (
				0ED64E0D198DE3C4001D7680 /* PBXTargetDependency */,
			);
			name = InternBookmarkTests;
			productName = InternBookmarkTests;
			productReference = 0ED64E0B198DE3C4001D7680 /* InternBookmarkTests.xctest */;
			productType = "com.apple.product-type.bundle.unit-test";
		};
/* End PBXNativeTarget section */

/* Begin PBXProject section */
		0ED64DF1198DE3C4001D7680 /* Project object */ = {
			isa = PBXProject;
			attributes = {
				LastUpgradeCheck = 0600;
				ORGANIZATIONNAME = "Hatena Inc.";
				TargetAttributes = {
					0ED64DF8198DE3C4001D7680 = {
						CreatedOnToolsVersion = 6.0;
					};
					0ED64E0A198DE3C4001D7680 = {
						CreatedOnToolsVersion = 6.0;
						TestTargetID = 0ED64DF8198DE3C4001D7680;
					};
				};
			};
			buildConfigurationList = 0ED64DF4198DE3C4001D7680 /* Build configuration list for PBXProject "InternBookmark" */;
			compatibilityVersion = "Xcode 3.2";
			developmentRegion = English;
			hasScannedForEncodings = 0;
			knownRegions = (
				en,
				Base,
			);
			mainGroup = 0ED64DF0198DE3C4001D7680;
			productRefGroup = 0ED64DFA198DE3C4001D7680 /* Products */;
			projectDirPath = "";
			projectRoot = "";
			targets = (
				0ED64DF8198DE3C4001D7680 /* InternBookmark */,
				0ED64E0A198DE3C4001D7680 /* InternBookmarkTests */,
			);
		};
/* End PBXProject section */

/* Begin PBXResourcesBuildPhase section */
		0ED64DF7198DE3C4001D7680 /* Resources */ = {
			isa = PBXResourcesBuildPhase;
			buildActionMask = 2147483647;
			files = (
				0ED64E04198DE3C4001D7680 /* Main.storyboard in Resources */,
				0ED64E06198DE3C4001D7680 /* Images.xcassets in Resources */,
			);
			runOnlyForDeploymentPostprocessing = 0;
		};
		0ED64E09198DE3C4001D7680 /* Resources */ = {
			isa = PBXResourcesBuildPhase;
			buildActionMask = 2147483647;
			files = (
			);
			runOnlyForDeploymentPostprocessing = 0;
		};
/* End PBXResourcesBuildPhase section */

/* Begin PBXSourcesBuildPhase section */
		0ED64DF5198DE3C4001D7680 /* Sources */ = {
			isa = PBXSourcesBuildPhase;
			buildActionMask = 2147483647;
			files = (
				0ED64E01198DE3C4001D7680 /* ViewController.swift in Sources */,
				0ED64DFF198DE3C4001D7680 /* AppDelegate.swift in Sources */,
			);
			runOnlyForDeploymentPostprocessing = 0;
		};
		0ED64E07198DE3C4001D7680 /* Sources */ = {
			isa = PBXSourcesBuildPhase;
			buildActionMask = 2147483647;
			files = (
				0ED64E12198DE3C4001D7680 /* InternBookmarkTests.swift in Sources */,
			);
			runOnlyForDeploymentPostprocessing = 0;
		};
/* End PBXSourcesBuildPhase section */

/* Begin PBXTargetDependency section */
		0ED64E0D198DE3C4001D7680 /* PBXTargetDependency */ = {
			isa = PBXTargetDependency;
			target = 0ED64DF8198DE3C4001D7680 /* InternBookmark */;
			targetProxy = 0ED64E0C198DE3C4001D7680 /* PBXContainerItemProxy */;
		};
/* End PBXTargetDependency section */

/* Begin PBXVariantGroup section */
		0ED64E02198DE3C4001D7680 /* Main.storyboard */ = {
			isa = PBXVariantGroup;
			children = (
				0ED64E03198DE3C4001D7680 /* Base */,
			);
			name = Main.storyboard;
			sourceTree = "<group>";
		};
/* End PBXVariantGroup section */

/* Begin XCBuildConfiguration section */
		0ED64E13198DE3C4001D7680 /* Debug */ = {
			isa = XCBuildConfiguration;
			buildSettings = {
				ALWAYS_SEARCH_USER_PATHS = NO;
				CLANG_CXX_LANGUAGE_STANDARD = "gnu++0x";
				CLANG_CXX_LIBRARY = "libc++";
				CLANG_ENABLE_MODULES = YES;
				CLANG_ENABLE_OBJC_ARC = YES;
				CLANG_WARN_BOOL_CONVERSION = YES;
				CLANG_WARN_CONSTANT_CONVERSION = YES;
				CLANG_WARN_DIRECT_OBJC_ISA_USAGE = YES_ERROR;
				CLANG_WARN_EMPTY_BODY = YES;
				CLANG_WARN_ENUM_CONVERSION = YES;
				CLANG_WARN_INT_CONVERSION = YES;
				CLANG_WARN_OBJC_ROOT_CLASS = YES_ERROR;
				CLANG_WARN_UNREACHABLE_CODE = YES;
				CLANG_WARN__DUPLICATE_METHOD_MATCH = YES;
				"CODE_SIGN_IDENTITY[sdk=iphoneos*]" = "iPhone Developer";
				COPY_PHASE_STRIP = NO;
				ENABLE_STRICT_OBJC_MSGSEND = YES;
				GCC_C_LANGUAGE_STANDARD = gnu99;
				GCC_DYNAMIC_NO_PIC = NO;
				GCC_OPTIMIZATION_LEVEL = 0;
				GCC_PREPROCESSOR_DEFINITIONS = (
					"DEBUG=1",
					"$(inherited)",
				);
				GCC_SYMBOLS_PRIVATE_EXTERN = NO;
				GCC_WARN_64_TO_32_BIT_CONVERSION = YES;
				GCC_WARN_ABOUT_RETURN_TYPE = YES_ERROR;
				GCC_WARN_UNDECLARED_SELECTOR = YES;
				GCC_WARN_UNINITIALIZED_AUTOS = YES_AGGRESSIVE;
				GCC_WARN_UNUSED_FUNCTION = YES;
				GCC_WARN_UNUSED_VARIABLE = YES;
				IPHONEOS_DEPLOYMENT_TARGET = 8.0;
				MTL_ENABLE_DEBUG_INFO = YES;
				ONLY_ACTIVE_ARCH = YES;
				SDKROOT = iphoneos;
				SWIFT_OPTIMIZATION_LEVEL = "-Onone";
			};
			name = Debug;
		};
		0ED64E14198DE3C4001D7680 /* Release */ = {
			isa = XCBuildConfiguration;
			buildSettings = {
				ALWAYS_SEARCH_USER_PATHS = NO;
				CLANG_CXX_LANGUAGE_STANDARD = "gnu++0x";
				CLANG_CXX_LIBRARY = "libc++";
				CLANG_ENABLE_MODULES = YES;
				CLANG_ENABLE_OBJC_ARC = YES;
				CLANG_WARN_BOOL_CONVERSION = YES;
				CLANG_WARN_CONSTANT_CONVERSION = YES;
				CLANG_WARN_DIRECT_OBJC_ISA_USAGE = YES_ERROR;
				CLANG_WARN_EMPTY_BODY = YES;
				CLANG_WARN_ENUM_CONVERSION = YES;
				CLANG_WARN_INT_CONVERSION = YES;
				CLANG_WARN_OBJC_ROOT_CLASS = YES_ERROR;
				CLANG_WARN_UNREACHABLE_CODE = YES;
				CLANG_WARN__DUPLICATE_METHOD_MATCH = YES;
				"CODE_SIGN_IDENTITY[sdk=iphoneos*]" = "iPhone Developer";
				COPY_PHASE_STRIP = YES;
				ENABLE_NS_ASSERTIONS = NO;
				ENABLE_STRICT_OBJC_MSGSEND = YES;
				GCC_C_LANGUAGE_STANDARD = gnu99;
				GCC_WARN_64_TO_32_BIT_CONVERSION = YES;
				GCC_WARN_ABOUT_RETURN_TYPE = YES_ERROR;
				GCC_WARN_UNDECLARED_SELECTOR = YES;
				GCC_WARN_UNINITIALIZED_AUTOS = YES_AGGRESSIVE;
				GCC_WARN_UNUSED_FUNCTION = YES;
				GCC_WARN_UNUSED_VARIABLE = YES;
				IPHONEOS_DEPLOYMENT_TARGET = 8.0;
				MTL_ENABLE_DEBUG_INFO = NO;
				SDKROOT = iphoneos;
				VALIDATE_PRODUCT = YES;
			};
			name = Release;
		};
		0ED64E16198DE3C4001D7680 /* Debug */ = {
			isa = XCBuildConfiguration;
			buildSettings = {
				ASSETCATALOG_COMPILER_APPICON_NAME = AppIcon;
				ASSETCATALOG_COMPILER_LAUNCHIMAGE_NAME = LaunchImage;
				INFOPLIST_FILE = InternBookmark/Info.plist;
				LD_RUNPATH_SEARCH_PATHS = "$(inherited) @executable_path/Frameworks";
				PRODUCT_NAME = "$(TARGET_NAME)";
			};
			name = Debug;
		};
		0ED64E17198DE3C4001D7680 /* Release */ = {
			isa = XCBuildConfiguration;
			buildSettings = {
				ASSETCATALOG_COMPILER_APPICON_NAME = AppIcon;
				ASSETCATALOG_COMPILER_LAUNCHIMAGE_NAME = LaunchImage;
				INFOPLIST_FILE = InternBookmark/Info.plist;
				LD_RUNPATH_SEARCH_PATHS = "$(inherited) @executable_path/Frameworks";
				PRODUCT_NAME = "$(TARGET_NAME)";
			};
			name = Release;
		};
		0ED64E19198DE3C4001D7680 /* Debug */ = {
			isa = XCBuildConfiguration;
			buildSettings = {
				BUNDLE_LOADER = "$(BUILT_PRODUCTS_DIR)/InternBookmark.app/InternBookmark";
				FRAMEWORK_SEARCH_PATHS = (
					"$(SDKROOT)/Developer/Library/Frameworks",
					"$(inherited)",
				);
				GCC_PREPROCESSOR_DEFINITIONS = (
					"DEBUG=1",
					"$(inherited)",
				);
				INFOPLIST_FILE = InternBookmarkTests/Info.plist;
				LD_RUNPATH_SEARCH_PATHS = "$(inherited) @executable_path/Frameworks @loader_path/Frameworks";
				PRODUCT_NAME = "$(TARGET_NAME)";
				TEST_HOST = "$(BUNDLE_LOADER)";
			};
			name = Debug;
		};
		0ED64E1A198DE3C4001D7680 /* Release */ = {
			isa = XCBuildConfiguration;
			buildSettings = {
				BUNDLE_LOADER = "$(BUILT_PRODUCTS_DIR)/InternBookmark.app/InternBookmark";
				FRAMEWORK_SEARCH_PATHS = (
					"$(SDKROOT)/Developer/Library/Frameworks",
					"$(inherited)",
				);
				INFOPLIST_FILE = InternBookmarkTests/Info.plist;
				LD_RUNPATH_SEARCH_PATHS = "$(inherited) @executable_path/Frameworks @loader_path/Frameworks";
				PRODUCT_NAME = "$(TARGET_NAME)";
				TEST_HOST = "$(BUNDLE_LOADER)";
			};
			name = Release;
		};
/* End XCBuildConfiguration section */

/* Begin XCConfigurationList section */
		0ED64DF4198DE3C4001D7680 /* Build configuration list for PBXProject "InternBookmark" */ = {
			isa = XCConfigurationList;
			buildConfigurations = (
				0ED64E13198DE3C4001D7680 /* Debug */,
				0ED64E14198DE3C4001D7680 /* Release */,
			);
			defaultConfigurationIsVisible = 0;
			defaultConfigurationName = Release;
		};
		0ED64E15198DE3C4001D7680 /* Build configuration list for PBXNativeTarget "InternBookmark" */ = {
			isa = XCConfigurationList;
			buildConfigurations = (
				0ED64E16198DE3C4001D7680 /* Debug */,
				0ED64E17198DE3C4001D7680 /* Release */,
			);
			defaultConfigurationIsVisible = 0;
		};
		0ED64E18198DE3C4001D7680 /* Build configuration list for PBXNativeTarget "InternBookmarkTests" */ = {
			isa = XCConfigurationList;
			buildConfigurations = (
				0ED64E19198DE3C4001D7680 /* Debug */,
				0ED64E1A198DE3C4001D7680 /* Release */,
			);
			defaultConfigurationIsVisible = 0;
		};
/* End XCConfigurationList section */
	};
	rootObject = 0ED64DF1198DE3C4001D7680 /* Project object */;
}
